
Microsoft Visual Studio Solution File, Format Version 12.00
# Visual Studio Version 17
VisualStudioVersion = 17.14.36705.20
MinimumVisualStudioVersion = 10.0.40219.1
Project("{FAE04EC0-301F-11D3-BF4B-00C04F79EFBC}") = "Boutique.Api", "Boutique.Api\Boutique.Api.csproj", "{ADA10649-1349-4437-8DB4-4C358EB6678C}"
EndProject
Project("{FAE04EC0-301F-11D3-BF4B-00C04F79EFBC}") = "Boutique.Domain", "Boutique.Domain\Boutique.Domain.csproj", "{9F0C5A98-29D1-49BE-91A7-76C5AB6622DB}"
EndProject
Project("{FAE04EC0-301F-11D3-BF4B-00C04F79EFBC}") = "Boutique.Infrastructure", "Boutique.Infrastructure\Boutique.Infrastructure.csproj", "{99D1D581-A0FA-42CC-AE5D-419FA5D92FF9}"
EndProject
Project("{FAE04EC0-301F-11D3-BF4B-00C04F79EFBC}") = "Boutique.Web", "Boutique.Web\Boutique.Web.csproj", "{F7C9047D-A012-D679-CE47-6348FFF2A7D0}"
EndProject
Project("{FAE04EC0-301F-11D3-BF4B-00C04F79EFBC}") = "Boutique.Application", "Boutique.Application\Boutique.Application.csproj", "{FDD59221-444A-4E1C-8CF5-F34C97F3D298}"
EndProject
Global
	GlobalSection(SolutionConfigurationPlatforms) = preSolution
		Debug|Any CPU = Debug|Any CPU
		Release|Any CPU = Release|Any CPU
	EndGlobalSection
	GlobalSection(ProjectConfigurationPlatforms) = postSolution
		{ADA10649-1349-4437-8DB4-4C358EB6678C}.Debug|Any CPU.ActiveCfg = Debug|Any CPU
		{ADA10649-1349-4437-8DB4-4C358EB6678C}.Debug|Any CPU.Build.0 = Debug|Any CPU
		{ADA10649-1349-4437-8DB4-4C358EB6678C}.Release|Any CPU.ActiveCfg = Release|Any CPU
		{ADA10649-1349-4437-8DB4-4C358EB6678C}.Release|Any CPU.Build.0 = Release|Any CPU
		{9F0C5A98-29D1-49BE-91A7-76C5AB6622DB}.Debug|Any CPU.ActiveCfg = Debug|Any CPU
		{9F0C5A98-29D1-49BE-91A7-76C5AB6622DB}.Debug|Any CPU.Build.0 = Debug|Any CPU
		{9F0C5A98-29D1-49BE-91A7-76C5AB6622DB}.Release|Any CPU.ActiveCfg = Release|Any CPU
		{9F0C5A98-29D1-49BE-91A7-76C5AB6622DB}.Release|Any CPU.Build.0 = Release|Any CPU
		{99D1D581-A0FA-42CC-AE5D-419FA5D92FF9}.Debug|Any CPU.ActiveCfg = Debug|Any CPU
		{99D1D581-A0FA-42CC-AE5D-419FA5D92FF9}.Debug|Any CPU.Build.0 = Debug|Any CPU
		{99D1D581-A0FA-42CC-AE5D-419FA5D92FF9}.Release|Any CPU.ActiveCfg = Release|Any CPU
		{99D1D581-A0FA-42CC-AE5D-419FA5D92FF9}.Release|Any CPU.Build.0 = Release|Any CPU
		{F7C9047D-A012-D679-CE47-6348FFF2A7D0}.Debug|Any CPU.ActiveCfg = Debug|Any CPU
		{F7C9047D-A012-D679-CE47-6348FFF2A7D0}.Debug|Any CPU.Build.0 = Debug|Any CPU
		{F7C9047D-A012-D679-CE47-6348FFF2A7D0}.Release|Any CPU.ActiveCfg = Release|Any CPU
		{F7C9047D-A012-D679-CE47-6348FFF2A7D0}.Release|Any CPU.Build.0 = Release|Any CPU
		{FDD59221-444A-4E1C-8CF5-F34C97F3D298}.Debug|Any CPU.ActiveCfg = Debug|Any CPU
		{FDD59221-444A-4E1C-8CF5-F34C97F3D298}.Debug|Any CPU.Build.0 = Debug|Any CPU
		{FDD59221-444A-4E1C-8CF5-F34C97F3D298}.Release|Any CPU.ActiveCfg = Release|Any CPU
		{FDD59221-444A-4E1C-8CF5-F34C97F3D298}.Release|Any CPU.Build.0 = Release|Any CPU
	EndGlobalSection
	GlobalSection(SolutionProperties) = preSolution
		HideSolutionNode = FALSE
	EndGlobalSection
	GlobalSection(ExtensibilityGlobals) = postSolution
		SolutionGuid = {3C48EA1C-FCC3-422F-A407-62CF3D7269A2}
	EndGlobalSection
EndGlobal
