
Microsoft Visual Studio Solution File, Format Version 12.00
# Visual Studio Version 17
VisualStudioVersion = 17.14.36705.20
MinimumVisualStudioVersion = 10.0.40219.1
Project("{FAE04EC0-301F-11D3-BF4B-00C04F79EFBC}") = "Boutique.Api", "Boutique.Api\Boutique.Api.csproj", "{ADA10649-1349-4437-8DB4-4C358EB6678C}"
EndProject
Project("{FAE04EC0-301F-11D3-BF4B-00C04F79EFBC}") = "Boutique.Web", "..\Boutique.Web\Boutique.Web.csproj", "{5084CEA3-9C33-48C9-A6CE-0FF671061842}"
EndProject
Global
	GlobalSection(SolutionConfigurationPlatforms) = preSolution
		Debug|Any CPU = Debug|Any CPU
		Release|Any CPU = Release|Any CPU
	EndGlobalSection
	GlobalSection(ProjectConfigurationPlatforms) = postSolution
		{ADA10649-1349-4437-8DB4-4C358EB6678C}.Debug|Any CPU.ActiveCfg = Debug|Any CPU
		{ADA10649-1349-4437-8DB4-4C358EB6678C}.Debug|Any CPU.Build.0 = Debug|Any CPU
		{ADA10649-1349-4437-8DB4-4C358EB6678C}.Release|Any CPU.ActiveCfg = Release|Any CPU
		{ADA10649-1349-4437-8DB4-4C358EB6678C}.Release|Any CPU.Build.0 = Release|Any CPU
		{5084CEA3-9C33-48C9-A6CE-0FF671061842}.Debug|Any CPU.ActiveCfg = Debug|Any CPU
		{5084CEA3-9C33-48C9-A6CE-0FF671061842}.Debug|Any CPU.Build.0 = Debug|Any CPU
		{5084CEA3-9C33-48C9-A6CE-0FF671061842}.Release|Any CPU.ActiveCfg = Release|Any CPU
		{5084CEA3-9C33-48C9-A6CE-0FF671061842}.Release|Any CPU.Build.0 = Release|Any CPU
	EndGlobalSection
	GlobalSection(SolutionProperties) = preSolution
		HideSolutionNode = FALSE
	EndGlobalSection
	GlobalSection(ExtensibilityGlobals) = postSolution
		SolutionGuid = {3C48EA1C-FCC3-422F-A407-62CF3D7269A2}
	EndGlobalSection
EndGlobal
